
Microsoft Visual Studio Solution File, Format Version 12.00
# Visual Studio 14
VisualStudioVersion = 14.0.25123.0
MinimumVisualStudioVersion = 10.0.40219.1
Project("{FAE04EC0-301F-11D3-BF4B-00C04F79EFBC}") = "WildCampingWithMvc", "WildCampingWithMvc\WildCampingWithMvc.csproj", "{11B8E2E8-A2C7-42A3-8593-CDC9FF1E9467}"
EndProject
Project("{FAE04EC0-301F-11D3-BF4B-00C04F79EFBC}") = "WildCampingWithMvc.UnitTests", "WildCampingWithMvc.UnitTests\WildCampingWithMvc.UnitTests.csproj", "{202DE948-CFD5-4E2D-90EB-EAC72F62C658}"
EndProject
Global
	GlobalSection(SolutionConfigurationPlatforms) = preSolution
		Debug|Any CPU = Debug|Any CPU
		Release|Any CPU = Release|Any CPU
	EndGlobalSection
	GlobalSection(ProjectConfigurationPlatforms) = postSolution
		{11B8E2E8-A2C7-42A3-8593-CDC9FF1E9467}.Debug|Any CPU.ActiveCfg = Debug|Any CPU
		{11B8E2E8-A2C7-42A3-8593-CDC9FF1E9467}.Debug|Any CPU.Build.0 = Debug|Any CPU
		{11B8E2E8-A2C7-42A3-8593-CDC9FF1E9467}.Release|Any CPU.ActiveCfg = Release|Any CPU
		{11B8E2E8-A2C7-42A3-8593-CDC9FF1E9467}.Release|Any CPU.Build.0 = Release|Any CPU
		{202DE948-CFD5-4E2D-90EB-EAC72F62C658}.Debug|Any CPU.ActiveCfg = Debug|Any CPU
		{202DE948-CFD5-4E2D-90EB-EAC72F62C658}.Debug|Any CPU.Build.0 = Debug|Any CPU
		{202DE948-CFD5-4E2D-90EB-EAC72F62C658}.Release|Any CPU.ActiveCfg = Release|Any CPU
		{202DE948-CFD5-4E2D-90EB-EAC72F62C658}.Release|Any CPU.Build.0 = Release|Any CPU
	EndGlobalSection
	GlobalSection(SolutionProperties) = preSolution
		HideSolutionNode = FALSE
	EndGlobalSection
EndGlobal
